<?xml version="1.0" encoding="utf-8"?>
<Project ToolsVersion="4.0" xmlns="http://schemas.microsoft.com/developer/msbuild/2003">
  <ItemGroup>
    <ClCompile Include="ClipBoard.cpp">
      <Filter>Source Files</Filter>
    </ClCompile>
    <ClCompile Include="LeftView.cpp">
      <Filter>Source Files</Filter>
    </ClCompile>
    <ClCompile Include="MainFrm.cpp">
      <Filter>Source Files</Filter>
    </ClCompile>
    <ClCompile Include="NtRegistry.cpp">
      <Filter>Source Files</Filter>
    </ClCompile>
    <ClCompile Include="RegEdit.cpp">
      <Filter>Source Files</Filter>
    </ClCompile>
    <ClCompile Include="RegItem.cpp">
      <Filter>Source Files</Filter>
    </ClCompile>
    <ClCompile Include="RegListCtrl.cpp">
      <Filter>Source Files</Filter>
    </ClCompile>
    <ClCompile Include="RegTreeCtrl.cpp">
      <Filter>Source Files</Filter>
    </ClCompile>
    <ClCompile Include="RegTreeView.cpp">
      <Filter>Source Files</Filter>
    </ClCompile>
    <ClCompile Include="RightView.cpp">
      <Filter>Source Files</Filter>
    </ClCompile>
    <ClCompile Include="stdafx.cpp">
      <Filter>Source Files</Filter>
    </ClCompile>
    <ClCompile Include="Utils.cpp">
      <Filter>Source Files</Filter>
    </ClCompile>
    <ClCompile Include="VRegView.cpp">
      <Filter>Source Files</Filter>
    </ClCompile>
    <ClCompile Include="VRegViewDoc.cpp">
      <Filter>Source Files</Filter>
    </ClCompile>
    <ClCompile Include="WindowStateSaver.cpp">
      <Filter>Source Files</Filter>
    </ClCompile>
  </ItemGroup>
  <ItemGroup>
    <ClInclude Include="ClipBoard.h">
      <Filter>Header Files</Filter>
    </ClInclude>
    <ClInclude Include="defines.h">
      <Filter>Header Files</Filter>
    </ClInclude>
    <ClInclude Include="LeftView.h">
      <Filter>Header Files</Filter>
    </ClInclude>
    <ClInclude Include="MainFrm.h">
      <Filter>Header Files</Filter>
    </ClInclude>
    <ClInclude Include="NtDllLib.h">
      <Filter>Header Files</Filter>
    </ClInclude>
    <ClInclude Include="NtRegistry.h">
      <Filter>Header Files</Filter>
    </ClInclude>
    <ClInclude Include="RegEdit.h">
      <Filter>Header Files</Filter>
    </ClInclude>
    <ClInclude Include="RegItem.h">
      <Filter>Header Files</Filter>
    </ClInclude>
    <ClInclude Include="RegListCtrl.h">
      <Filter>Header Files</Filter>
    </ClInclude>
    <ClInclude Include="RegTreeCtrl.h">
      <Filter>Header Files</Filter>
    </ClInclude>
    <ClInclude Include="RegTreeView.h">
      <Filter>Header Files</Filter>
    </ClInclude>
    <ClInclude Include="Resource.h">
      <Filter>Header Files</Filter>
    </ClInclude>
    <ClInclude Include="RightView.h">
      <Filter>Header Files</Filter>
    </ClInclude>
    <ClInclude Include="stdafx.h">
      <Filter>Header Files</Filter>
    </ClInclude>
    <ClInclude Include="Utils.h">
      <Filter>Header Files</Filter>
    </ClInclude>
    <ClInclude Include="VRegView.h">
      <Filter>Header Files</Filter>
    </ClInclude>
    <ClInclude Include="VRegViewDoc.h">
      <Filter>Header Files</Filter>
    </ClInclude>
    <ClInclude Include="WindowStateSaver.h">
      <Filter>Header Files</Filter>
    </ClInclude>
  </ItemGroup>
  <ItemGroup>
    <Image Include="res\Computer.bmp">
      <Filter>Resource Files</Filter>
    </Image>
    <Image Include="res\regbin.bmp">
      <Filter>Resource Files</Filter>
    </Image>
    <Image Include="res\regtext.bmp">
      <Filter>Resource Files</Filter>
    </Image>
    <Image Include="res\VRegView.ico">
      <Filter>Resource Files</Filter>
    </Image>
    <Image Include="res\VRegViewDoc.ico">
      <Filter>Resource Files</Filter>
    </Image>
    <Image Include="res\XPfolder_Closed.bmp">
      <Filter>Resource Files</Filter>
    </Image>
    <Image Include="res\XPfolder_Open.bmp">
      <Filter>Resource Files</Filter>
    </Image>
  </ItemGroup>
  <ItemGroup>
    <Filter Include="Header Files">
      <UniqueIdentifier>{ac66abd9-df93-409b-9165-008e4a2981da}</UniqueIdentifier>
    </Filter>
    <Filter Include="Source Files">
      <UniqueIdentifier>{a4b47952-418b-427e-8520-6a29e725f763}</UniqueIdentifier>
    </Filter>
    <Filter Include="Resource Files">
      <UniqueIdentifier>{bde2374b-9060-419e-84f3-c97174183c2d}</UniqueIdentifier>
    </Filter>
  </ItemGroup>
  <ItemGroup>
    <ResourceCompile Include="VRegView.rc">
      <Filter>Resource Files</Filter>
    </ResourceCompile>
  </ItemGroup>
  <ItemGroup>
    <None Include="res\VRegView.rc2">
      <Filter>Resource Files</Filter>
    </None>
  </ItemGroup>
</Project>